
Microsoft Visual Studio Solution File, Format Version 12.00
# Visual Studio Version 16
VisualStudioVersion = 16.0.30114.105
MinimumVisualStudioVersion = 10.0.40219.1
Project("{2150E333-8FDC-42A3-9474-1A3956D46DE8}") = "samples", "samples", "{2507A11E-6E13-4808-8B83-CB98499A2DDF}"
EndProject
Project("{2150E333-8FDC-42A3-9474-1A3956D46DE8}") = "src", "src", "{C6C812C8-2618-4B88-B149-FFD0E4D3E543}"
EndProject
Project("{9A19103F-16F7-4668-BE54-9A1E7A4F7556}") = "PluralVideos.Data", "src\PluralVideos.Data\PluralVideos.Data.csproj", "{A22F7052-EEC9-4DC8-96B9-1986A7B81491}"
EndProject
Project("{9A19103F-16F7-4668-BE54-9A1E7A4F7556}") = "PluralVideos.Console", "samples\PluralVideos.Console\PluralVideos.Console.csproj", "{5B5D6C12-A3EA-4F2D-8ECD-CC8E92C7F988}"
EndProject
Project("{9A19103F-16F7-4668-BE54-9A1E7A4F7556}") = "PluralVideos.Decrypt", "src\PluralVideos.Decrypt\PluralVideos.Decrypt.csproj", "{CD95D452-D33E-4ECD-9B49-D5168525D884}"
EndProject
Project("{9A19103F-16F7-4668-BE54-9A1E7A4F7556}") = "PluralVideos.Download", "src\PluralVideos.Download\PluralVideos.Download.csproj", "{356FE389-AD59-47BA-86D8-9262968AE03E}"
EndProject
Project("{9A19103F-16F7-4668-BE54-9A1E7A4F7556}") = "PluralVideos.UI", "samples\PluralVideos.UI\PluralVideos.UI\PluralVideos.UI.csproj", "{BE85C6F2-2B75-4112-BCA9-8EB81EDDA61F}"
EndProject
Project("{9A19103F-16F7-4668-BE54-9A1E7A4F7556}") = "PluralVideos.UI.WPF", "samples\PluralVideos.UI\PluralVideos.UI.WPF\PluralVideos.UI.WPF.csproj", "{572B3AA4-A0B3-45EB-A644-8DD3F45E453B}"
EndProject
Global
	GlobalSection(SolutionConfigurationPlatforms) = preSolution
		Debug|Any CPU = Debug|Any CPU
		Debug|ARM = Debug|ARM
		Debug|ARM64 = Debug|ARM64
		Debug|x64 = Debug|x64
		Debug|x86 = Debug|x86
		Release|Any CPU = Release|Any CPU
		Release|ARM = Release|ARM
		Release|ARM64 = Release|ARM64
		Release|x64 = Release|x64
		Release|x86 = Release|x86
	EndGlobalSection
	GlobalSection(ProjectConfigurationPlatforms) = postSolution
		{A22F7052-EEC9-4DC8-96B9-1986A7B81491}.Debug|Any CPU.ActiveCfg = Debug|Any CPU
		{A22F7052-EEC9-4DC8-96B9-1986A7B81491}.Debug|Any CPU.Build.0 = Debug|Any CPU
		{A22F7052-EEC9-4DC8-96B9-1986A7B81491}.Debug|ARM.ActiveCfg = Debug|Any CPU
		{A22F7052-EEC9-4DC8-96B9-1986A7B81491}.Debug|ARM.Build.0 = Debug|Any CPU
		{A22F7052-EEC9-4DC8-96B9-1986A7B81491}.Debug|ARM64.ActiveCfg = Debug|Any CPU
		{A22F7052-EEC9-4DC8-96B9-1986A7B81491}.Debug|ARM64.Build.0 = Debug|Any CPU
		{A22F7052-EEC9-4DC8-96B9-1986A7B81491}.Debug|x64.ActiveCfg = Debug|Any CPU
		{A22F7052-EEC9-4DC8-96B9-1986A7B81491}.Debug|x64.Build.0 = Debug|Any CPU
		{A22F7052-EEC9-4DC8-96B9-1986A7B81491}.Debug|x86.ActiveCfg = Debug|Any CPU
		{A22F7052-EEC9-4DC8-96B9-1986A7B81491}.Debug|x86.Build.0 = Debug|Any CPU
		{A22F7052-EEC9-4DC8-96B9-1986A7B81491}.Release|Any CPU.ActiveCfg = Release|Any CPU
		{A22F7052-EEC9-4DC8-96B9-1986A7B81491}.Release|Any CPU.Build.0 = Release|Any CPU
		{A22F7052-EEC9-4DC8-96B9-1986A7B81491}.Release|ARM.ActiveCfg = Release|Any CPU
		{A22F7052-EEC9-4DC8-96B9-1986A7B81491}.Release|ARM.Build.0 = Release|Any CPU
		{A22F7052-EEC9-4DC8-96B9-1986A7B81491}.Release|ARM64.ActiveCfg = Release|Any CPU
		{A22F7052-EEC9-4DC8-96B9-1986A7B81491}.Release|ARM64.Build.0 = Release|Any CPU
		{A22F7052-EEC9-4DC8-96B9-1986A7B81491}.Release|x64.ActiveCfg = Release|Any CPU
		{A22F7052-EEC9-4DC8-96B9-1986A7B81491}.Release|x64.Build.0 = Release|Any CPU
		{A22F7052-EEC9-4DC8-96B9-1986A7B81491}.Release|x86.ActiveCfg = Release|Any CPU
		{A22F7052-EEC9-4DC8-96B9-1986A7B81491}.Release|x86.Build.0 = Release|Any CPU
		{5B5D6C12-A3EA-4F2D-8ECD-CC8E92C7F988}.Debug|Any CPU.ActiveCfg = Debug|Any CPU
		{5B5D6C12-A3EA-4F2D-8ECD-CC8E92C7F988}.Debug|Any CPU.Build.0 = Debug|Any CPU
		{5B5D6C12-A3EA-4F2D-8ECD-CC8E92C7F988}.Debug|ARM.ActiveCfg = Debug|Any CPU
		{5B5D6C12-A3EA-4F2D-8ECD-CC8E92C7F988}.Debug|ARM.Build.0 = Debug|Any CPU
		{5B5D6C12-A3EA-4F2D-8ECD-CC8E92C7F988}.Debug|ARM64.ActiveCfg = Debug|Any CPU
		{5B5D6C12-A3EA-4F2D-8ECD-CC8E92C7F988}.Debug|ARM64.Build.0 = Debug|Any CPU
		{5B5D6C12-A3EA-4F2D-8ECD-CC8E92C7F988}.Debug|x64.ActiveCfg = Debug|Any CPU
		{5B5D6C12-A3EA-4F2D-8ECD-CC8E92C7F988}.Debug|x64.Build.0 = Debug|Any CPU
		{5B5D6C12-A3EA-4F2D-8ECD-CC8E92C7F988}.Debug|x86.ActiveCfg = Debug|Any CPU
		{5B5D6C12-A3EA-4F2D-8ECD-CC8E92C7F988}.Debug|x86.Build.0 = Debug|Any CPU
		{5B5D6C12-A3EA-4F2D-8ECD-CC8E92C7F988}.Release|Any CPU.ActiveCfg = Release|Any CPU
		{5B5D6C12-A3EA-4F2D-8ECD-CC8E92C7F988}.Release|Any CPU.Build.0 = Release|Any CPU
		{5B5D6C12-A3EA-4F2D-8ECD-CC8E92C7F988}.Release|ARM.ActiveCfg = Release|Any CPU
		{5B5D6C12-A3EA-4F2D-8ECD-CC8E92C7F988}.Release|ARM.Build.0 = Release|Any CPU
		{5B5D6C12-A3EA-4F2D-8ECD-CC8E92C7F988}.Release|ARM64.ActiveCfg = Release|Any CPU
		{5B5D6C12-A3EA-4F2D-8ECD-CC8E92C7F988}.Release|ARM64.Build.0 = Release|Any CPU
		{5B5D6C12-A3EA-4F2D-8ECD-CC8E92C7F988}.Release|x64.ActiveCfg = Release|Any CPU
		{5B5D6C12-A3EA-4F2D-8ECD-CC8E92C7F988}.Release|x64.Build.0 = Release|Any CPU
		{5B5D6C12-A3EA-4F2D-8ECD-CC8E92C7F988}.Release|x86.ActiveCfg = Release|Any CPU
		{5B5D6C12-A3EA-4F2D-8ECD-CC8E92C7F988}.Release|x86.Build.0 = Release|Any CPU
		{CD95D452-D33E-4ECD-9B49-D5168525D884}.Debug|Any CPU.ActiveCfg = Debug|Any CPU
		{CD95D452-D33E-4ECD-9B49-D5168525D884}.Debug|Any CPU.Build.0 = Debug|Any CPU
		{CD95D452-D33E-4ECD-9B49-D5168525D884}.Debug|ARM.ActiveCfg = Debug|Any CPU
		{CD95D452-D33E-4ECD-9B49-D5168525D884}.Debug|ARM.Build.0 = Debug|Any CPU
		{CD95D452-D33E-4ECD-9B49-D5168525D884}.Debug|ARM64.ActiveCfg = Debug|Any CPU
		{CD95D452-D33E-4ECD-9B49-D5168525D884}.Debug|ARM64.Build.0 = Debug|Any CPU
		{CD95D452-D33E-4ECD-9B49-D5168525D884}.Debug|x64.ActiveCfg = Debug|Any CPU
		{CD95D452-D33E-4ECD-9B49-D5168525D884}.Debug|x64.Build.0 = Debug|Any CPU
		{CD95D452-D33E-4ECD-9B49-D5168525D884}.Debug|x86.ActiveCfg = Debug|Any CPU
		{CD95D452-D33E-4ECD-9B49-D5168525D884}.Debug|x86.Build.0 = Debug|Any CPU
		{CD95D452-D33E-4ECD-9B49-D5168525D884}.Release|Any CPU.ActiveCfg = Release|Any CPU
		{CD95D452-D33E-4ECD-9B49-D5168525D884}.Release|Any CPU.Build.0 = Release|Any CPU
		{CD95D452-D33E-4ECD-9B49-D5168525D884}.Release|ARM.ActiveCfg = Release|Any CPU
		{CD95D452-D33E-4ECD-9B49-D5168525D884}.Release|ARM.Build.0 = Release|Any CPU
		{CD95D452-D33E-4ECD-9B49-D5168525D884}.Release|ARM64.ActiveCfg = Release|Any CPU
		{CD95D452-D33E-4ECD-9B49-D5168525D884}.Release|ARM64.Build.0 = Release|Any CPU
		{CD95D452-D33E-4ECD-9B49-D5168525D884}.Release|x64.ActiveCfg = Release|Any CPU
		{CD95D452-D33E-4ECD-9B49-D5168525D884}.Release|x64.Build.0 = Release|Any CPU
		{CD95D452-D33E-4ECD-9B49-D5168525D884}.Release|x86.ActiveCfg = Release|Any CPU
		{CD95D452-D33E-4ECD-9B49-D5168525D884}.Release|x86.Build.0 = Release|Any CPU
		{356FE389-AD59-47BA-86D8-9262968AE03E}.Debug|Any CPU.ActiveCfg = Debug|Any CPU
		{356FE389-AD59-47BA-86D8-9262968AE03E}.Debug|Any CPU.Build.0 = Debug|Any CPU
		{356FE389-AD59-47BA-86D8-9262968AE03E}.Debug|ARM.ActiveCfg = Debug|Any CPU
		{356FE389-AD59-47BA-86D8-9262968AE03E}.Debug|ARM.Build.0 = Debug|Any CPU
		{356FE389-AD59-47BA-86D8-9262968AE03E}.Debug|ARM64.ActiveCfg = Debug|Any CPU
		{356FE389-AD59-47BA-86D8-9262968AE03E}.Debug|ARM64.Build.0 = Debug|Any CPU
		{356FE389-AD59-47BA-86D8-9262968AE03E}.Debug|x64.ActiveCfg = Debug|Any CPU
		{356FE389-AD59-47BA-86D8-9262968AE03E}.Debug|x64.Build.0 = Debug|Any CPU
		{356FE389-AD59-47BA-86D8-9262968AE03E}.Debug|x86.ActiveCfg = Debug|Any CPU
		{356FE389-AD59-47BA-86D8-9262968AE03E}.Debug|x86.Build.0 = Debug|Any CPU
		{356FE389-AD59-47BA-86D8-9262968AE03E}.Release|Any CPU.ActiveCfg = Release|Any CPU
		{356FE389-AD59-47BA-86D8-9262968AE03E}.Release|Any CPU.Build.0 = Release|Any CPU
		{356FE389-AD59-47BA-86D8-9262968AE03E}.Release|ARM.ActiveCfg = Release|Any CPU
		{356FE389-AD59-47BA-86D8-9262968AE03E}.Release|ARM.Build.0 = Release|Any CPU
		{356FE389-AD59-47BA-86D8-9262968AE03E}.Release|ARM64.ActiveCfg = Release|Any CPU
		{356FE389-AD59-47BA-86D8-9262968AE03E}.Release|ARM64.Build.0 = Release|Any CPU
		{356FE389-AD59-47BA-86D8-9262968AE03E}.Release|x64.ActiveCfg = Release|Any CPU
		{356FE389-AD59-47BA-86D8-9262968AE03E}.Release|x64.Build.0 = Release|Any CPU
		{356FE389-AD59-47BA-86D8-9262968AE03E}.Release|x86.ActiveCfg = Release|Any CPU
		{356FE389-AD59-47BA-86D8-9262968AE03E}.Release|x86.Build.0 = Release|Any CPU
		{BE85C6F2-2B75-4112-BCA9-8EB81EDDA61F}.Debug|Any CPU.ActiveCfg = Debug|Any CPU
		{BE85C6F2-2B75-4112-BCA9-8EB81EDDA61F}.Debug|Any CPU.Build.0 = Debug|Any CPU
		{BE85C6F2-2B75-4112-BCA9-8EB81EDDA61F}.Debug|ARM.ActiveCfg = Debug|Any CPU
		{BE85C6F2-2B75-4112-BCA9-8EB81EDDA61F}.Debug|ARM.Build.0 = Debug|Any CPU
		{BE85C6F2-2B75-4112-BCA9-8EB81EDDA61F}.Debug|ARM64.ActiveCfg = Debug|Any CPU
		{BE85C6F2-2B75-4112-BCA9-8EB81EDDA61F}.Debug|ARM64.Build.0 = Debug|Any CPU
		{BE85C6F2-2B75-4112-BCA9-8EB81EDDA61F}.Debug|x64.ActiveCfg = Debug|Any CPU
		{BE85C6F2-2B75-4112-BCA9-8EB81EDDA61F}.Debug|x64.Build.0 = Debug|Any CPU
		{BE85C6F2-2B75-4112-BCA9-8EB81EDDA61F}.Debug|x86.ActiveCfg = Debug|Any CPU
		{BE85C6F2-2B75-4112-BCA9-8EB81EDDA61F}.Debug|x86.Build.0 = Debug|Any CPU
		{BE85C6F2-2B75-4112-BCA9-8EB81EDDA61F}.Release|Any CPU.ActiveCfg = Release|Any CPU
		{BE85C6F2-2B75-4112-BCA9-8EB81EDDA61F}.Release|Any CPU.Build.0 = Release|Any CPU
		{BE85C6F2-2B75-4112-BCA9-8EB81EDDA61F}.Release|ARM.ActiveCfg = Release|Any CPU
		{BE85C6F2-2B75-4112-BCA9-8EB81EDDA61F}.Release|ARM.Build.0 = Release|Any CPU
		{BE85C6F2-2B75-4112-BCA9-8EB81EDDA61F}.Release|ARM64.ActiveCfg = Release|Any CPU
		{BE85C6F2-2B75-4112-BCA9-8EB81EDDA61F}.Release|ARM64.Build.0 = Release|Any CPU
		{BE85C6F2-2B75-4112-BCA9-8EB81EDDA61F}.Release|x64.ActiveCfg = Release|Any CPU
		{BE85C6F2-2B75-4112-BCA9-8EB81EDDA61F}.Release|x64.Build.0 = Release|Any CPU
		{BE85C6F2-2B75-4112-BCA9-8EB81EDDA61F}.Release|x86.ActiveCfg = Release|Any CPU
		{BE85C6F2-2B75-4112-BCA9-8EB81EDDA61F}.Release|x86.Build.0 = Release|Any CPU
		{572B3AA4-A0B3-45EB-A644-8DD3F45E453B}.Debug|Any CPU.ActiveCfg = Debug|Any CPU
		{572B3AA4-A0B3-45EB-A644-8DD3F45E453B}.Debug|Any CPU.Build.0 = Debug|Any CPU
		{572B3AA4-A0B3-45EB-A644-8DD3F45E453B}.Debug|ARM.ActiveCfg = Debug|Any CPU
		{572B3AA4-A0B3-45EB-A644-8DD3F45E453B}.Debug|ARM.Build.0 = Debug|Any CPU
		{572B3AA4-A0B3-45EB-A644-8DD3F45E453B}.Debug|ARM64.ActiveCfg = Debug|Any CPU
		{572B3AA4-A0B3-45EB-A644-8DD3F45E453B}.Debug|ARM64.Build.0 = Debug|Any CPU
		{572B3AA4-A0B3-45EB-A644-8DD3F45E453B}.Debug|x64.ActiveCfg = Debug|Any CPU
		{572B3AA4-A0B3-45EB-A644-8DD3F45E453B}.Debug|x64.Build.0 = Debug|Any CPU
		{572B3AA4-A0B3-45EB-A644-8DD3F45E453B}.Debug|x86.ActiveCfg = Debug|Any CPU
		{572B3AA4-A0B3-45EB-A644-8DD3F45E453B}.Debug|x86.Build.0 = Debug|Any CPU
		{572B3AA4-A0B3-45EB-A644-8DD3F45E453B}.Release|Any CPU.ActiveCfg = Release|Any CPU
		{572B3AA4-A0B3-45EB-A644-8DD3F45E453B}.Release|Any CPU.Build.0 = Release|Any CPU
		{572B3AA4-A0B3-45EB-A644-8DD3F45E453B}.Release|ARM.ActiveCfg = Release|Any CPU
		{572B3AA4-A0B3-45EB-A644-8DD3F45E453B}.Release|ARM.Build.0 = Release|Any CPU
		{572B3AA4-A0B3-45EB-A644-8DD3F45E453B}.Release|ARM64.ActiveCfg = Release|Any CPU
		{572B3AA4-A0B3-45EB-A644-8DD3F45E453B}.Release|ARM64.Build.0 = Release|Any CPU
		{572B3AA4-A0B3-45EB-A644-8DD3F45E453B}.Release|x64.ActiveCfg = Release|Any CPU
		{572B3AA4-A0B3-45EB-A644-8DD3F45E453B}.Release|x64.Build.0 = Release|Any CPU
		{572B3AA4-A0B3-45EB-A644-8DD3F45E453B}.Release|x86.ActiveCfg = Release|Any CPU
		{572B3AA4-A0B3-45EB-A644-8DD3F45E453B}.Release|x86.Build.0 = Release|Any CPU
	EndGlobalSection
	GlobalSection(SolutionProperties) = preSolution
		HideSolutionNode = FALSE
	EndGlobalSection
	GlobalSection(NestedProjects) = preSolution
		{A22F7052-EEC9-4DC8-96B9-1986A7B81491} = {C6C812C8-2618-4B88-B149-FFD0E4D3E543}
		{5B5D6C12-A3EA-4F2D-8ECD-CC8E92C7F988} = {2507A11E-6E13-4808-8B83-CB98499A2DDF}
		{CD95D452-D33E-4ECD-9B49-D5168525D884} = {C6C812C8-2618-4B88-B149-FFD0E4D3E543}
		{356FE389-AD59-47BA-86D8-9262968AE03E} = {C6C812C8-2618-4B88-B149-FFD0E4D3E543}
		{BE85C6F2-2B75-4112-BCA9-8EB81EDDA61F} = {2507A11E-6E13-4808-8B83-CB98499A2DDF}
		{572B3AA4-A0B3-45EB-A644-8DD3F45E453B} = {2507A11E-6E13-4808-8B83-CB98499A2DDF}
	EndGlobalSection
	GlobalSection(ExtensibilityGlobals) = postSolution
		SolutionGuid = {9875ABCA-59BE-4E8D-A735-A7A92E47A418}
	EndGlobalSection
EndGlobal
